
Microsoft Visual Studio Solution File, Format Version 12.00
# Visual Studio Version 17
VisualStudioVersion = 17.7.34018.315
MinimumVisualStudioVersion = 10.0.40219.1
Project("{9A19103F-16F7-4668-BE54-9A1E7A4F7556}") = "Cordoba.Rodrigo.PrimerParcial", "Cordoba.Rodrigo.PrimerParcial\Cordoba.Rodrigo.PrimerParcial.csproj", "{D0892085-28CF-4E9D-A374-B4A32916ECD6}"
EndProject
Project("{FAE04EC0-301F-11D3-BF4B-00C04F79EFBC}") = "Indumentaria", "Indumentaria\Indumentaria.csproj", "{CEAB4C2A-1353-48F2-AADF-E6BBECE4BF4D}"
EndProject
Global
	GlobalSection(SolutionConfigurationPlatforms) = preSolution
		Debug|Any CPU = Debug|Any CPU
		Release|Any CPU = Release|Any CPU
	EndGlobalSection
	GlobalSection(ProjectConfigurationPlatforms) = postSolution
		{D0892085-28CF-4E9D-A374-B4A32916ECD6}.Debug|Any CPU.ActiveCfg = Debug|Any CPU
		{D0892085-28CF-4E9D-A374-B4A32916ECD6}.Debug|Any CPU.Build.0 = Debug|Any CPU
		{D0892085-28CF-4E9D-A374-B4A32916ECD6}.Release|Any CPU.ActiveCfg = Release|Any CPU
		{D0892085-28CF-4E9D-A374-B4A32916ECD6}.Release|Any CPU.Build.0 = Release|Any CPU
		{CEAB4C2A-1353-48F2-AADF-E6BBECE4BF4D}.Debug|Any CPU.ActiveCfg = Debug|Any CPU
		{CEAB4C2A-1353-48F2-AADF-E6BBECE4BF4D}.Debug|Any CPU.Build.0 = Debug|Any CPU
		{CEAB4C2A-1353-48F2-AADF-E6BBECE4BF4D}.Release|Any CPU.ActiveCfg = Release|Any CPU
		{CEAB4C2A-1353-48F2-AADF-E6BBECE4BF4D}.Release|Any CPU.Build.0 = Release|Any CPU
	EndGlobalSection
	GlobalSection(SolutionProperties) = preSolution
		HideSolutionNode = FALSE
	EndGlobalSection
	GlobalSection(ExtensibilityGlobals) = postSolution
		SolutionGuid = {571B4FED-0543-44D6-A360-A7BA3364A4DE}
	EndGlobalSection
EndGlobal
